Microsoft Visual Studio Solution File, Format Version 12.00
# Visual Studio Version 17
VisualStudioVersion = 17.5.2.0
MinimumVisualStudioVersion = 10.0.40219.1
Project("{FAE04EC0-301F-11D3-BF4B-00C04F79EFBC}") = "SistemaCadastro", "SistemaCadastro\SistemaCadastro.csproj", "{85F165D9-BBBB-480E-FC0A-89E4CA583543}"
EndProject
Global
	GlobalSection(SolutionConfigurationPlatforms) = preSolution
		Debug|Any CPU = Debug|Any CPU
		Release|Any CPU = Release|Any CPU
	EndGlobalSection
	GlobalSection(ProjectConfigurationPlatforms) = postSolution
		{85F165D9-BBBB-480E-FC0A-89E4CA583543}.Debug|Any CPU.ActiveCfg = Debug|Any CPU
		{85F165D9-BBBB-480E-FC0A-89E4CA583543}.Debug|Any CPU.Build.0 = Debug|Any CPU
		{85F165D9-BBBB-480E-FC0A-89E4CA583543}.Release|Any CPU.ActiveCfg = Release|Any CPU
		{85F165D9-BBBB-480E-FC0A-89E4CA583543}.Release|Any CPU.Build.0 = Release|Any CPU
	EndGlobalSection
	GlobalSection(SolutionProperties) = preSolution
		HideSolutionNode = FALSE
	EndGlobalSection
	GlobalSection(ExtensibilityGlobals) = postSolution
		SolutionGuid = {F975468A-9A5A-4217-8567-0C1291FFCA03}
	EndGlobalSection
EndGlobal
